
Microsoft Visual Studio Solution File, Format Version 12.00
# Visual Studio Version 17
VisualStudioVersion = 17.5.002.0
MinimumVisualStudioVersion = 10.0.40219.1
Project("{9A19103F-16F7-4668-BE54-9A1E7A4F7556}") = "Projecthoca", "Projecthoca.csproj", "{7B147E77-0974-4C3A-A8E3-87082410C6AC}"
EndProject
Global
	GlobalSection(SolutionConfigurationPlatforms) = preSolution
		Debug|Any CPU = Debug|Any CPU
		Release|Any CPU = Release|Any CPU
	EndGlobalSection
	GlobalSection(ProjectConfigurationPlatforms) = postSolution
		{7B147E77-0974-4C3A-A8E3-87082410C6AC}.Debug|Any CPU.ActiveCfg = Debug|Any CPU
		{7B147E77-0974-4C3A-A8E3-87082410C6AC}.Debug|Any CPU.Build.0 = Debug|Any CPU
		{7B147E77-0974-4C3A-A8E3-87082410C6AC}.Release|Any CPU.ActiveCfg = Release|Any CPU
		{7B147E77-0974-4C3A-A8E3-87082410C6AC}.Release|Any CPU.Build.0 = Release|Any CPU
	EndGlobalSection
	GlobalSection(SolutionProperties) = preSolution
		HideSolutionNode = FALSE
	EndGlobalSection
	GlobalSection(ExtensibilityGlobals) = postSolution
		SolutionGuid = {47E1252E-6FD0-4147-9720-0E815AAB249B}
	EndGlobalSection
EndGlobal
